<?xml version="1.0" encoding="utf-8"?>
<Project ToolsVersion="4.0" xmlns="http://schemas.microsoft.com/developer/msbuild/2003">
  <ItemGroup>
    <Filter Include="Source Files">
      <UniqueIdentifier>{4FC737F1-C7A5-4376-A066-2A32D752A2FF}</UniqueIdentifier>
      <Extensions>cpp;c;cc;cxx;def;odl;idl;hpj;bat;asm;asmx</Extensions>
    </Filter>
    <Filter Include="Header Files">
      <UniqueIdentifier>{93995380-89BD-4b04-88EB-625FBE52EBFB}</UniqueIdentifier>
      <Extensions>h;hpp;hxx;hm;inl;inc;xsd</Extensions>
    </Filter>
    <Filter Include="Resource Files">
      <UniqueIdentifier>{67DA6AB6-F800-4c08-8B7A-83BB121AAD01}</UniqueIdentifier>
      <Extensions>rc;ico;cur;bmp;dlg;rc2;rct;bin;rgs;gif;jpg;jpeg;jpe;resx;tiff;tif;png;wav;mfcribbon-ms</Extensions>
    </Filter>
  </ItemGroup>
  <ItemGroup>
    <ClCompile Include="..\..\C-Sources\mdc_dierckx.c">
      <Filter>Source Files</Filter>
    </ClCompile>
    <ClCompile Include="..\..\C-Sources\dierckx\bispev.c">
      <Filter>Source Files</Filter>
    </ClCompile>
    <ClCompile Include="..\..\C-Sources\dierckx\clocur.c">
      <Filter>Source Files</Filter>
    </ClCompile>
    <ClCompile Include="..\..\C-Sources\dierckx\cocosp.c">
      <Filter>Source Files</Filter>
    </ClCompile>
    <ClCompile Include="..\..\C-Sources\dierckx\concon.c">
      <Filter>Source Files</Filter>
    </ClCompile>
    <ClCompile Include="..\..\C-Sources\dierckx\concur.c">
      <Filter>Source Files</Filter>
    </ClCompile>
    <ClCompile Include="..\..\C-Sources\dierckx\cualde.c">
      <Filter>Source Files</Filter>
    </ClCompile>
    <ClCompile Include="..\..\C-Sources\dierckx\curev.c">
      <Filter>Source Files</Filter>
    </ClCompile>
    <ClCompile Include="..\..\C-Sources\dierckx\curfit.c">
      <Filter>Source Files</Filter>
    </ClCompile>
    <ClCompile Include="..\..\C-Sources\dierckx\dblint.c">
      <Filter>Source Files</Filter>
    </ClCompile>
    <ClCompile Include="..\..\C-Sources\dierckx\evapol.c">
      <Filter>Source Files</Filter>
    </ClCompile>
    <ClCompile Include="..\..\C-Sources\dierckx\fourco.c">
      <Filter>Source Files</Filter>
    </ClCompile>
    <ClCompile Include="..\..\C-Sources\dierckx\fpader.c">
      <Filter>Source Files</Filter>
    </ClCompile>
    <ClCompile Include="..\..\C-Sources\dierckx\fpadno.c">
      <Filter>Source Files</Filter>
    </ClCompile>
    <ClCompile Include="..\..\C-Sources\dierckx\fpadpo.c">
      <Filter>Source Files</Filter>
    </ClCompile>
    <ClCompile Include="..\..\C-Sources\dierckx\fpback.c">
      <Filter>Source Files</Filter>
    </ClCompile>
    <ClCompile Include="..\..\C-Sources\dierckx\fpbacp.c">
      <Filter>Source Files</Filter>
    </ClCompile>
    <ClCompile Include="..\..\C-Sources\dierckx\fpbfout.c">
      <Filter>Source Files</Filter>
    </ClCompile>
    <ClCompile Include="..\..\C-Sources\dierckx\fpbisp.c">
      <Filter>Source Files</Filter>
    </ClCompile>
    <ClCompile Include="..\..\C-Sources\dierckx\fpbspl.c">
      <Filter>Source Files</Filter>
    </ClCompile>
    <ClCompile Include="..\..\C-Sources\dierckx\fpchec.c">
      <Filter>Source Files</Filter>
    </ClCompile>
    <ClCompile Include="..\..\C-Sources\dierckx\fpched.c">
      <Filter>Source Files</Filter>
    </ClCompile>
    <ClCompile Include="..\..\C-Sources\dierckx\fpchep.c">
      <Filter>Source Files</Filter>
    </ClCompile>
    <ClCompile Include="..\..\C-Sources\dierckx\fpclos.c">
      <Filter>Source Files</Filter>
    </ClCompile>
    <ClCompile Include="..\..\C-Sources\dierckx\fpcoco.c">
      <Filter>Source Files</Filter>
    </ClCompile>
    <ClCompile Include="..\..\C-Sources\dierckx\fpcons.c">
      <Filter>Source Files</Filter>
    </ClCompile>
    <ClCompile Include="..\..\C-Sources\dierckx\fpcosp.c">
      <Filter>Source Files</Filter>
    </ClCompile>
    <ClCompile Include="..\..\C-Sources\dierckx\fpcsin.c">
      <Filter>Source Files</Filter>
    </ClCompile>
    <ClCompile Include="..\..\C-Sources\dierckx\fpcurf.c">
      <Filter>Source Files</Filter>
    </ClCompile>
    <ClCompile Include="..\..\C-Sources\dierckx\fpcuro.c">
      <Filter>Source Files</Filter>
    </ClCompile>
    <ClCompile Include="..\..\C-Sources\dierckx\fpcyt1.c">
      <Filter>Source Files</Filter>
    </ClCompile>
    <ClCompile Include="..\..\C-Sources\dierckx\fpcyt2.c">
      <Filter>Source Files</Filter>
    </ClCompile>
    <ClCompile Include="..\..\C-Sources\dierckx\fpdeno.c">
      <Filter>Source Files</Filter>
    </ClCompile>
    <ClCompile Include="..\..\C-Sources\dierckx\fpdisc.c">
      <Filter>Source Files</Filter>
    </ClCompile>
    <ClCompile Include="..\..\C-Sources\dierckx\fpfrno.c">
      <Filter>Source Files</Filter>
    </ClCompile>
    <ClCompile Include="..\..\C-Sources\dierckx\fpgivs.c">
      <Filter>Source Files</Filter>
    </ClCompile>
    <ClCompile Include="..\..\C-Sources\dierckx\fpgrdi.c">
      <Filter>Source Files</Filter>
    </ClCompile>
    <ClCompile Include="..\..\C-Sources\dierckx\fpgrpa.c">
      <Filter>Source Files</Filter>
    </ClCompile>
    <ClCompile Include="..\..\C-Sources\dierckx\fpgrre.c">
      <Filter>Source Files</Filter>
    </ClCompile>
    <ClCompile Include="..\..\C-Sources\dierckx\fpgrsp.c">
      <Filter>Source Files</Filter>
    </ClCompile>
    <ClCompile Include="..\..\C-Sources\dierckx\fpinst.c">
      <Filter>Source Files</Filter>
    </ClCompile>
    <ClCompile Include="..\..\C-Sources\dierckx\fpintb.c">
      <Filter>Source Files</Filter>
    </ClCompile>
    <ClCompile Include="..\..\C-Sources\dierckx\fpknot.c">
      <Filter>Source Files</Filter>
    </ClCompile>
    <ClCompile Include="..\..\C-Sources\dierckx\fpopdi.c">
      <Filter>Source Files</Filter>
    </ClCompile>
    <ClCompile Include="..\..\C-Sources\dierckx\fpopsp.c">
      <Filter>Source Files</Filter>
    </ClCompile>
    <ClCompile Include="..\..\C-Sources\dierckx\fporde.c">
      <Filter>Source Files</Filter>
    </ClCompile>
    <ClCompile Include="..\..\C-Sources\dierckx\fppara.c">
      <Filter>Source Files</Filter>
    </ClCompile>
    <ClCompile Include="..\..\C-Sources\dierckx\fppasu.c">
      <Filter>Source Files</Filter>
    </ClCompile>
    <ClCompile Include="..\..\C-Sources\dierckx\fpperi.c">
      <Filter>Source Files</Filter>
    </ClCompile>
    <ClCompile Include="..\..\C-Sources\dierckx\fppocu.c">
      <Filter>Source Files</Filter>
    </ClCompile>
    <ClCompile Include="..\..\C-Sources\dierckx\fppogr.c">
      <Filter>Source Files</Filter>
    </ClCompile>
    <ClCompile Include="..\..\C-Sources\dierckx\fppola.c">
      <Filter>Source Files</Filter>
    </ClCompile>
    <ClCompile Include="..\..\C-Sources\dierckx\fprank.c">
      <Filter>Source Files</Filter>
    </ClCompile>
    <ClCompile Include="..\..\C-Sources\dierckx\fprati.c">
      <Filter>Source Files</Filter>
    </ClCompile>
    <ClCompile Include="..\..\C-Sources\dierckx\fpregr.c">
      <Filter>Source Files</Filter>
    </ClCompile>
    <ClCompile Include="..\..\C-Sources\dierckx\fprota.c">
      <Filter>Source Files</Filter>
    </ClCompile>
    <ClCompile Include="..\..\C-Sources\dierckx\fprppo.c">
      <Filter>Source Files</Filter>
    </ClCompile>
    <ClCompile Include="..\..\C-Sources\dierckx\fprpsp.c">
      <Filter>Source Files</Filter>
    </ClCompile>
    <ClCompile Include="..\..\C-Sources\dierckx\fpseno.c">
      <Filter>Source Files</Filter>
    </ClCompile>
    <ClCompile Include="..\..\C-Sources\dierckx\fpspgr.c">
      <Filter>Source Files</Filter>
    </ClCompile>
    <ClCompile Include="..\..\C-Sources\dierckx\fpsphe.c">
      <Filter>Source Files</Filter>
    </ClCompile>
    <ClCompile Include="..\..\C-Sources\dierckx\fpsuev.c">
      <Filter>Source Files</Filter>
    </ClCompile>
    <ClCompile Include="..\..\C-Sources\dierckx\fpsurf.c">
      <Filter>Source Files</Filter>
    </ClCompile>
    <ClCompile Include="..\..\C-Sources\dierckx\fpsysy.c">
      <Filter>Source Files</Filter>
    </ClCompile>
    <ClCompile Include="..\..\C-Sources\dierckx\fptrnp.c">
      <Filter>Source Files</Filter>
    </ClCompile>
    <ClCompile Include="..\..\C-Sources\dierckx\fptrpe.c">
      <Filter>Source Files</Filter>
    </ClCompile>
    <ClCompile Include="..\..\C-Sources\dierckx\insert.c">
      <Filter>Source Files</Filter>
    </ClCompile>
    <ClCompile Include="..\..\C-Sources\dierckx\parcur.c">
      <Filter>Source Files</Filter>
    </ClCompile>
    <ClCompile Include="..\..\C-Sources\dierckx\parder.c">
      <Filter>Source Files</Filter>
    </ClCompile>
    <ClCompile Include="..\..\C-Sources\dierckx\parsur.c">
      <Filter>Source Files</Filter>
    </ClCompile>
    <ClCompile Include="..\..\C-Sources\dierckx\percur.c">
      <Filter>Source Files</Filter>
    </ClCompile>
    <ClCompile Include="..\..\C-Sources\dierckx\pogrid.c">
      <Filter>Source Files</Filter>
    </ClCompile>
    <ClCompile Include="..\..\C-Sources\dierckx\polar.c">
      <Filter>Source Files</Filter>
    </ClCompile>
    <ClCompile Include="..\..\C-Sources\dierckx\profil.c">
      <Filter>Source Files</Filter>
    </ClCompile>
    <ClCompile Include="..\..\C-Sources\dierckx\regrid.c">
      <Filter>Source Files</Filter>
    </ClCompile>
    <ClCompile Include="..\..\C-Sources\dierckx\spalde.c">
      <Filter>Source Files</Filter>
    </ClCompile>
    <ClCompile Include="..\..\C-Sources\dierckx\spgrid.c">
      <Filter>Source Files</Filter>
    </ClCompile>
    <ClCompile Include="..\..\C-Sources\dierckx\sphere.c">
      <Filter>Source Files</Filter>
    </ClCompile>
    <ClCompile Include="..\..\C-Sources\dierckx\splder.c">
      <Filter>Source Files</Filter>
    </ClCompile>
    <ClCompile Include="..\..\C-Sources\dierckx\splev.c">
      <Filter>Source Files</Filter>
    </ClCompile>
    <ClCompile Include="..\..\C-Sources\dierckx\splint.c">
      <Filter>Source Files</Filter>
    </ClCompile>
    <ClCompile Include="..\..\C-Sources\dierckx\sproot.c">
      <Filter>Source Files</Filter>
    </ClCompile>
    <ClCompile Include="..\..\C-Sources\dierckx\surev.c">
      <Filter>Source Files</Filter>
    </ClCompile>
    <ClCompile Include="..\..\C-Sources\dierckx\surfit.c">
      <Filter>Source Files</Filter>
    </ClCompile>
  </ItemGroup>
  <ItemGroup>
    <ClInclude Include="..\..\C-Sources\f2c.h">
      <Filter>Header Files</Filter>
    </ClInclude>
    <ClInclude Include="..\..\C-Sources\modelica\ModelicaUtilities.h">
      <Filter>Header Files</Filter>
    </ClInclude>
  </ItemGroup>
  <ItemGroup>
    <None Include="..\..\C-Sources\dierckx\bispev.P">
      <Filter>Header Files</Filter>
    </None>
    <None Include="..\..\C-Sources\dierckx\clocur.P">
      <Filter>Header Files</Filter>
    </None>
    <None Include="..\..\C-Sources\dierckx\cocosp.P">
      <Filter>Header Files</Filter>
    </None>
    <None Include="..\..\C-Sources\dierckx\concon.P">
      <Filter>Header Files</Filter>
    </None>
    <None Include="..\..\C-Sources\dierckx\concur.P">
      <Filter>Header Files</Filter>
    </None>
    <None Include="..\..\C-Sources\dierckx\cualde.P">
      <Filter>Header Files</Filter>
    </None>
    <None Include="..\..\C-Sources\dierckx\curev.P">
      <Filter>Header Files</Filter>
    </None>
    <None Include="..\..\C-Sources\dierckx\curfit.P">
      <Filter>Header Files</Filter>
    </None>
    <None Include="..\..\C-Sources\dierckx\dblint.P">
      <Filter>Header Files</Filter>
    </None>
    <None Include="..\..\C-Sources\dierckx\evapol.P">
      <Filter>Header Files</Filter>
    </None>
    <None Include="..\..\C-Sources\dierckx\fourco.P">
      <Filter>Header Files</Filter>
    </None>
    <None Include="..\..\C-Sources\dierckx\fpader.P">
      <Filter>Header Files</Filter>
    </None>
    <None Include="..\..\C-Sources\dierckx\fpadno.P">
      <Filter>Header Files</Filter>
    </None>
    <None Include="..\..\C-Sources\dierckx\fpadpo.P">
      <Filter>Header Files</Filter>
    </None>
    <None Include="..\..\C-Sources\dierckx\fpback.P">
      <Filter>Header Files</Filter>
    </None>
    <None Include="..\..\C-Sources\dierckx\fpbacp.P">
      <Filter>Header Files</Filter>
    </None>
    <None Include="..\..\C-Sources\dierckx\fpbfout.P">
      <Filter>Header Files</Filter>
    </None>
    <None Include="..\..\C-Sources\dierckx\fpbisp.P">
      <Filter>Header Files</Filter>
    </None>
    <None Include="..\..\C-Sources\dierckx\fpbspl.P">
      <Filter>Header Files</Filter>
    </None>
    <None Include="..\..\C-Sources\dierckx\fpchec.P">
      <Filter>Header Files</Filter>
    </None>
    <None Include="..\..\C-Sources\dierckx\fpched.P">
      <Filter>Header Files</Filter>
    </None>
    <None Include="..\..\C-Sources\dierckx\fpchep.P">
      <Filter>Header Files</Filter>
    </None>
    <None Include="..\..\C-Sources\dierckx\fpclos.P">
      <Filter>Header Files</Filter>
    </None>
    <None Include="..\..\C-Sources\dierckx\fpcoco.P">
      <Filter>Header Files</Filter>
    </None>
    <None Include="..\..\C-Sources\dierckx\fpcons.P">
      <Filter>Header Files</Filter>
    </None>
    <None Include="..\..\C-Sources\dierckx\fpcosp.P">
      <Filter>Header Files</Filter>
    </None>
    <None Include="..\..\C-Sources\dierckx\fpcsin.P">
      <Filter>Header Files</Filter>
    </None>
    <None Include="..\..\C-Sources\dierckx\fpcurf.P">
      <Filter>Header Files</Filter>
    </None>
    <None Include="..\..\C-Sources\dierckx\fpcuro.P">
      <Filter>Header Files</Filter>
    </None>
    <None Include="..\..\C-Sources\dierckx\fpcyt1.P">
      <Filter>Header Files</Filter>
    </None>
    <None Include="..\..\C-Sources\dierckx\fpcyt2.P">
      <Filter>Header Files</Filter>
    </None>
    <None Include="..\..\C-Sources\dierckx\fpdeno.P">
      <Filter>Header Files</Filter>
    </None>
    <None Include="..\..\C-Sources\dierckx\fpdisc.P">
      <Filter>Header Files</Filter>
    </None>
    <None Include="..\..\C-Sources\dierckx\fpfrno.P">
      <Filter>Header Files</Filter>
    </None>
    <None Include="..\..\C-Sources\dierckx\fpgivs.P">
      <Filter>Header Files</Filter>
    </None>
    <None Include="..\..\C-Sources\dierckx\fpgrdi.P">
      <Filter>Header Files</Filter>
    </None>
    <None Include="..\..\C-Sources\dierckx\fpgrpa.P">
      <Filter>Header Files</Filter>
    </None>
    <None Include="..\..\C-Sources\dierckx\fpgrre.P">
      <Filter>Header Files</Filter>
    </None>
    <None Include="..\..\C-Sources\dierckx\fpgrsp.P">
      <Filter>Header Files</Filter>
    </None>
    <None Include="..\..\C-Sources\dierckx\fpinst.P">
      <Filter>Header Files</Filter>
    </None>
    <None Include="..\..\C-Sources\dierckx\fpintb.P">
      <Filter>Header Files</Filter>
    </None>
    <None Include="..\..\C-Sources\dierckx\fpknot.P">
      <Filter>Header Files</Filter>
    </None>
    <None Include="..\..\C-Sources\dierckx\fpopdi.P">
      <Filter>Header Files</Filter>
    </None>
    <None Include="..\..\C-Sources\dierckx\fpopsp.P">
      <Filter>Header Files</Filter>
    </None>
    <None Include="..\..\C-Sources\dierckx\fporde.P">
      <Filter>Header Files</Filter>
    </None>
    <None Include="..\..\C-Sources\dierckx\fppara.P">
      <Filter>Header Files</Filter>
    </None>
    <None Include="..\..\C-Sources\dierckx\fppasu.P">
      <Filter>Header Files</Filter>
    </None>
    <None Include="..\..\C-Sources\dierckx\fpperi.P">
      <Filter>Header Files</Filter>
    </None>
    <None Include="..\..\C-Sources\dierckx\fppocu.P">
      <Filter>Header Files</Filter>
    </None>
    <None Include="..\..\C-Sources\dierckx\fppogr.P">
      <Filter>Header Files</Filter>
    </None>
    <None Include="..\..\C-Sources\dierckx\fppola.P">
      <Filter>Header Files</Filter>
    </None>
    <None Include="..\..\C-Sources\dierckx\fprank.P">
      <Filter>Header Files</Filter>
    </None>
    <None Include="..\..\C-Sources\dierckx\fprati.P">
      <Filter>Header Files</Filter>
    </None>
    <None Include="..\..\C-Sources\dierckx\fpregr.P">
      <Filter>Header Files</Filter>
    </None>
    <None Include="..\..\C-Sources\dierckx\fprota.P">
      <Filter>Header Files</Filter>
    </None>
    <None Include="..\..\C-Sources\dierckx\fprppo.P">
      <Filter>Header Files</Filter>
    </None>
    <None Include="..\..\C-Sources\dierckx\fprpsp.P">
      <Filter>Header Files</Filter>
    </None>
    <None Include="..\..\C-Sources\dierckx\fpseno.P">
      <Filter>Header Files</Filter>
    </None>
    <None Include="..\..\C-Sources\dierckx\fpspgr.P">
      <Filter>Header Files</Filter>
    </None>
    <None Include="..\..\C-Sources\dierckx\fpsphe.P">
      <Filter>Header Files</Filter>
    </None>
    <None Include="..\..\C-Sources\dierckx\fpsuev.P">
      <Filter>Header Files</Filter>
    </None>
    <None Include="..\..\C-Sources\dierckx\fpsurf.P">
      <Filter>Header Files</Filter>
    </None>
    <None Include="..\..\C-Sources\dierckx\fpsysy.P">
      <Filter>Header Files</Filter>
    </None>
    <None Include="..\..\C-Sources\dierckx\fptrnp.P">
      <Filter>Header Files</Filter>
    </None>
    <None Include="..\..\C-Sources\dierckx\fptrpe.P">
      <Filter>Header Files</Filter>
    </None>
    <None Include="..\..\C-Sources\dierckx\insert.P">
      <Filter>Header Files</Filter>
    </None>
    <None Include="..\..\C-Sources\dierckx\parcur.P">
      <Filter>Header Files</Filter>
    </None>
    <None Include="..\..\C-Sources\dierckx\parder.P">
      <Filter>Header Files</Filter>
    </None>
    <None Include="..\..\C-Sources\dierckx\parsur.P">
      <Filter>Header Files</Filter>
    </None>
    <None Include="..\..\C-Sources\dierckx\percur.P">
      <Filter>Header Files</Filter>
    </None>
    <None Include="..\..\C-Sources\dierckx\pogrid.P">
      <Filter>Header Files</Filter>
    </None>
    <None Include="..\..\C-Sources\dierckx\polar.P">
      <Filter>Header Files</Filter>
    </None>
    <None Include="..\..\C-Sources\dierckx\profil.P">
      <Filter>Header Files</Filter>
    </None>
    <None Include="..\..\C-Sources\dierckx\regrid.P">
      <Filter>Header Files</Filter>
    </None>
    <None Include="..\..\C-Sources\dierckx\spalde.P">
      <Filter>Header Files</Filter>
    </None>
    <None Include="..\..\C-Sources\dierckx\spgrid.P">
      <Filter>Header Files</Filter>
    </None>
    <None Include="..\..\C-Sources\dierckx\sphere.P">
      <Filter>Header Files</Filter>
    </None>
    <None Include="..\..\C-Sources\dierckx\splder.P">
      <Filter>Header Files</Filter>
    </None>
    <None Include="..\..\C-Sources\dierckx\splev.P">
      <Filter>Header Files</Filter>
    </None>
    <None Include="..\..\C-Sources\dierckx\splint.P">
      <Filter>Header Files</Filter>
    </None>
    <None Include="..\..\C-Sources\dierckx\sproot.P">
      <Filter>Header Files</Filter>
    </None>
    <None Include="..\..\C-Sources\dierckx\surev.P">
      <Filter>Header Files</Filter>
    </None>
    <None Include="..\..\C-Sources\dierckx\surfit.P">
      <Filter>Header Files</Filter>
    </None>
    <None Include="mdc_dierckx.def">
      <Filter>Resource Files</Filter>
    </None>
  </ItemGroup>
</Project>